
Microsoft Visual Studio Solution File, Format Version 12.00
# Visual Studio Version 17
VisualStudioVersion = 17.14.36603.0
MinimumVisualStudioVersion = 10.0.40219.1
Project("{2150E333-8FDC-42A3-9474-1A3956D46DE8}") = "Task0", "Task0", "{36D591C7-65C7-A0D1-1CBC-10CDE441BDC8}"
EndProject
Project("{FAE04EC0-301F-11D3-BF4B-00C04F79EFBC}") = "Tyuiu.PrilukovDA.Sprint1.Task0.V5", "Tyuiu.PrilukovDA.Sprint1.Task0.V5\Tyuiu.PrilukovDA.Sprint1.Task0.V5.csproj", "{CCD1C8CA-5D9E-4944-8C24-E9B26C01C1C4}"
EndProject
Project("{FAE04EC0-301F-11D3-BF4B-00C04F79EFBC}") = "Tyuiu.PrilukovDA.Sprint1.Task0.V5.Lib", "Tyuiu.PrilukovDA.Sprint1.Task0.V5.Lib\Tyuiu.PrilukovDA.Sprint1.Task0.V5.Lib.csproj", "{1E0B24D1-3FED-4C1E-8511-03DC16683C8B}"
EndProject
Project("{FAE04EC0-301F-11D3-BF4B-00C04F79EFBC}") = "Tyuiu.PrilukovDA.Sprint1.Task0.V5.Test", "Tyuiu.PrilukovDA.Sprint1.Task0.V5.Test\Tyuiu.PrilukovDA.Sprint1.Task0.V5.Test.csproj", "{F20DF219-D15A-4434-8C83-8CD23BB2500C}"
EndProject
Project("{2150E333-8FDC-42A3-9474-1A3956D46DE8}") = "Task1", "Task1", "{875F8DC4-2409-4180-99A4-68420836D304}"
EndProject
Project("{FAE04EC0-301F-11D3-BF4B-00C04F79EFBC}") = "Tyuiu.PrilukovDA.Sprint1.Task1.V16", "Tyuiu.PrilukovDA.Sprint1.Task1.V16\Tyuiu.PrilukovDA.Sprint1.Task1.V16.csproj", "{2C97449C-B9C5-4D31-845A-E051D4BE5C16}"
EndProject
Project("{FAE04EC0-301F-11D3-BF4B-00C04F79EFBC}") = "Tyuiu.PrilukovDA.Sprint1.Task1.V16.Lib", "Tyuiu.PrilukovDA.Sprint1.Task1.V16.Lib\Tyuiu.PrilukovDA.Sprint1.Task1.V16.Lib.csproj", "{E7DE4C7A-DFDA-4313-A810-16F1E94FCA4D}"
EndProject
Project("{FAE04EC0-301F-11D3-BF4B-00C04F79EFBC}") = "Tyuiu.PrilukovDA.Sprint1.Task1.V16.Test", "Tyuiu.PrilukovDA.Sprint1.Task1.V16.Test\Tyuiu.PrilukovDA.Sprint1.Task1.V16.Test.csproj", "{DF034543-CD0F-4B9A-8693-F356E0075EB1}"
EndProject
Project("{2150E333-8FDC-42A3-9474-1A3956D46DE8}") = "Task2", "Task2", "{FE3A5866-386A-4520-ABE1-0FE7583CC045}"
EndProject
Project("{FAE04EC0-301F-11D3-BF4B-00C04F79EFBC}") = "Tyuiu.PrilukovDA.Sprint1.Task2.V6", "Tyuiu.PrilukovDA.Sprint1.Task2.V6\Tyuiu.PrilukovDA.Sprint1.Task2.V6.csproj", "{19CFAEC7-BC9E-465F-B537-EA268E2BA159}"
EndProject
Project("{FAE04EC0-301F-11D3-BF4B-00C04F79EFBC}") = "Tyuiu.PrilukovDA.Sprint1.Task2.V6.Lib", "Tyuiu.PrilukovDA.Sprint1.Task2.V6.Lib\Tyuiu.PrilukovDA.Sprint1.Task2.V6.Lib.csproj", "{1B31C303-5C8C-45F8-84C2-C232F8E409B8}"
EndProject
Project("{FAE04EC0-301F-11D3-BF4B-00C04F79EFBC}") = "Tyuiu.PrilukovDA.Sprint1.Task2.V6.Test", "Tyuiu.PrilukovDA.Sprint1.Task2.V6.Test\Tyuiu.PrilukovDA.Sprint1.Task2.V6.Test.csproj", "{4CDCBD09-A8D0-4221-A98C-1DDE40B15EC3}"
EndProject
Project("{2150E333-8FDC-42A3-9474-1A3956D46DE8}") = "Task3", "Task3", "{266124C3-153C-45B1-9047-D5B40C94C35A}"
EndProject
Project("{FAE04EC0-301F-11D3-BF4B-00C04F79EFBC}") = "Tyuiu.PrilukovDA.Sprint1.Task3.V18", "Tyuiu.PrilukovDA.Sprint1.Task3.V18\Tyuiu.PrilukovDA.Sprint1.Task3.V18.csproj", "{770421B4-FB77-46F1-BA99-1E9FF26D3097}"
EndProject
Project("{FAE04EC0-301F-11D3-BF4B-00C04F79EFBC}") = "Tyuiu.PrilukovDA.Sprint1.Task3.V18.Lib", "Tyuiu.PrilukovDA.Sprint1.Task3.V18.Lib\Tyuiu.PrilukovDA.Sprint1.Task3.V18.Lib.csproj", "{1244E6D3-8DAC-41E1-87D3-9AF27AD912F5}"
EndProject
Project("{FAE04EC0-301F-11D3-BF4B-00C04F79EFBC}") = "Tyuiu.PrilukovDA.Sprint1.Task3.V18.Test", "Tyuiu.PrilukovDA.Sprint1.Task3.V18.Test\Tyuiu.PrilukovDA.Sprint1.Task3.V18.Test.csproj", "{9BEC838B-57D8-4DA5-9EAB-A665C1170A57}"
EndProject
Project("{2150E333-8FDC-42A3-9474-1A3956D46DE8}") = "Task4", "Task4", "{2FE72383-625B-4814-9D8B-B7E23C827D11}"
EndProject
Project("{FAE04EC0-301F-11D3-BF4B-00C04F79EFBC}") = "Tyuiu.PrilukovDA.Sprint1.Task4.V25", "Tyuiu.PrilukovDA.Sprint1.Task4.V25\Tyuiu.PrilukovDA.Sprint1.Task4.V25.csproj", "{2E682CEC-DDE7-4CAD-8161-05BB9E40C894}"
EndProject
Project("{FAE04EC0-301F-11D3-BF4B-00C04F79EFBC}") = "Tyuiu.PrilukovDA.Sprint1.Task4.V25.Lib", "Tyuiu.PrilukovDA.Sprint1.Task4.V25.Lib\Tyuiu.PrilukovDA.Sprint1.Task4.V25.Lib.csproj", "{BC0302B5-080A-4EFF-B7B0-852AD28ED96B}"
EndProject
Project("{FAE04EC0-301F-11D3-BF4B-00C04F79EFBC}") = "Tyuiu.PrilukovDA.Sprint1.Task4.V25.Test", "Tyuiu.PrilukovDA.Sprint1.Task4.V25.Test\Tyuiu.PrilukovDA.Sprint1.Task4.V25.Test.csproj", "{6D7DB629-A6C2-43CA-881F-8722A0531063}"
EndProject
Project("{2150E333-8FDC-42A3-9474-1A3956D46DE8}") = "Task5", "Task5", "{D4DA1AA9-CECB-4139-BBC6-3FC74F64483F}"
EndProject
Project("{FAE04EC0-301F-11D3-BF4B-00C04F79EFBC}") = "Tyuiu.PrilukovDA.Sprint1.Task5.V2", "Tyuiu.PrilukovDA.Sprint1.Task5.V2\Tyuiu.PrilukovDA.Sprint1.Task5.V2.csproj", "{7EDE6304-55B9-4726-959D-8FDA44E4E715}"
EndProject
Project("{FAE04EC0-301F-11D3-BF4B-00C04F79EFBC}") = "Tyuiu.PrilukovDA.Sprint1.Task5.V2.Lib", "Tyuiu.PrilukovDA.Sprint1.Task5.V2.Lib\Tyuiu.PrilukovDA.Sprint1.Task5.V2.Lib.csproj", "{264002B9-BA3E-4B46-98F3-BCA13AC9A565}"
EndProject
Project("{FAE04EC0-301F-11D3-BF4B-00C04F79EFBC}") = "Tyuiu.PrilukovDA.Sprint1.Task5.V2.Test", "Tyuiu.PrilukovDA.Sprint1.Task5.V2.Test\Tyuiu.PrilukovDA.Sprint1.Task5.V2.Test.csproj", "{509852A0-1828-4163-A239-D64667DFAB39}"
EndProject
Project("{2150E333-8FDC-42A3-9474-1A3956D46DE8}") = "Task6", "Task6", "{B59C30D9-609A-4B3D-9218-FE6C4AA6398B}"
EndProject
Project("{FAE04EC0-301F-11D3-BF4B-00C04F79EFBC}") = "Tyuiu.PrilukovDA.Sprint1.Task6.V12", "Tyuiu.PrilukovDA.Sprint1.Task6.V12\Tyuiu.PrilukovDA.Sprint1.Task6.V12.csproj", "{36283FE9-F0FB-4E92-B6EB-EF3386858481}"
EndProject
Project("{FAE04EC0-301F-11D3-BF4B-00C04F79EFBC}") = "Tyuiu.PrilukovDA.Sprint1.Task6.V12.Lib", "Tyuiu.PrilukovDA.Sprint1.Task6.V12.Lib\Tyuiu.PrilukovDA.Sprint1.Task6.V12.Lib.csproj", "{02692003-1046-4E5C-B77A-1F734DFA64AC}"
EndProject
Project("{FAE04EC0-301F-11D3-BF4B-00C04F79EFBC}") = "Tyuiu.PrilukovDA.Sprint1.Task6.V12.Test", "Tyuiu.PrilukovDA.Sprint1.Task6.V12.Test\Tyuiu.PrilukovDA.Sprint1.Task6.V12.Test.csproj", "{15A874A0-4F6B-4E28-98ED-151D53CDC6F1}"
EndProject
Project("{2150E333-8FDC-42A3-9474-1A3956D46DE8}") = "Task7", "Task7", "{C4EF6DF0-79C2-4F8B-861B-43D92CC2EEBD}"
EndProject
Project("{FAE04EC0-301F-11D3-BF4B-00C04F79EFBC}") = "Tyuiu.PrilukovDA.Sprint1.Task7.V5", "Tyuiu.PrilukovDA.Sprint1.Task7.V5\Tyuiu.PrilukovDA.Sprint1.Task7.V5.csproj", "{DA5596C1-F0C4-48A5-A3D6-E63B68CCAF83}"
EndProject
Project("{FAE04EC0-301F-11D3-BF4B-00C04F79EFBC}") = "Tyuiu.PrilukovDA.Sprint1.Task7.V5.Lib", "Tyuiu.PrilukovDA.Sprint1.Task7.V5.Lib\Tyuiu.PrilukovDA.Sprint1.Task7.V5.Lib.csproj", "{8AB10BE0-D658-4CBE-B31A-A97EC1E1C8EE}"
EndProject
Project("{FAE04EC0-301F-11D3-BF4B-00C04F79EFBC}") = "Tyuiu.PrilukovDA.Sprint1.Task7.V5.Test", "Tyuiu.PrilukovDA.Sprint1.Task7.V5.Test\Tyuiu.PrilukovDA.Sprint1.Task7.V5.Test.csproj", "{47338A45-87DD-465C-9624-C177151D6498}"
EndProject
Global
	GlobalSection(SolutionConfigurationPlatforms) = preSolution
		Debug|Any CPU = Debug|Any CPU
		Release|Any CPU = Release|Any CPU
	EndGlobalSection
	GlobalSection(ProjectConfigurationPlatforms) = postSolution
		{CCD1C8CA-5D9E-4944-8C24-E9B26C01C1C4}.Debug|Any CPU.ActiveCfg = Debug|Any CPU
		{CCD1C8CA-5D9E-4944-8C24-E9B26C01C1C4}.Debug|Any CPU.Build.0 = Debug|Any CPU
		{CCD1C8CA-5D9E-4944-8C24-E9B26C01C1C4}.Release|Any CPU.ActiveCfg = Release|Any CPU
		{CCD1C8CA-5D9E-4944-8C24-E9B26C01C1C4}.Release|Any CPU.Build.0 = Release|Any CPU
		{1E0B24D1-3FED-4C1E-8511-03DC16683C8B}.Debug|Any CPU.ActiveCfg = Debug|Any CPU
		{1E0B24D1-3FED-4C1E-8511-03DC16683C8B}.Debug|Any CPU.Build.0 = Debug|Any CPU
		{1E0B24D1-3FED-4C1E-8511-03DC16683C8B}.Release|Any CPU.ActiveCfg = Release|Any CPU
		{1E0B24D1-3FED-4C1E-8511-03DC16683C8B}.Release|Any CPU.Build.0 = Release|Any CPU
		{F20DF219-D15A-4434-8C83-8CD23BB2500C}.Debug|Any CPU.ActiveCfg = Debug|Any CPU
		{F20DF219-D15A-4434-8C83-8CD23BB2500C}.Debug|Any CPU.Build.0 = Debug|Any CPU
		{F20DF219-D15A-4434-8C83-8CD23BB2500C}.Release|Any CPU.ActiveCfg = Release|Any CPU
		{F20DF219-D15A-4434-8C83-8CD23BB2500C}.Release|Any CPU.Build.0 = Release|Any CPU
		{2C97449C-B9C5-4D31-845A-E051D4BE5C16}.Debug|Any CPU.ActiveCfg = Debug|Any CPU
		{2C97449C-B9C5-4D31-845A-E051D4BE5C16}.Debug|Any CPU.Build.0 = Debug|Any CPU
		{2C97449C-B9C5-4D31-845A-E051D4BE5C16}.Release|Any CPU.ActiveCfg = Release|Any CPU
		{2C97449C-B9C5-4D31-845A-E051D4BE5C16}.Release|Any CPU.Build.0 = Release|Any CPU
		{E7DE4C7A-DFDA-4313-A810-16F1E94FCA4D}.Debug|Any CPU.ActiveCfg = Debug|Any CPU
		{E7DE4C7A-DFDA-4313-A810-16F1E94FCA4D}.Debug|Any CPU.Build.0 = Debug|Any CPU
		{E7DE4C7A-DFDA-4313-A810-16F1E94FCA4D}.Release|Any CPU.ActiveCfg = Release|Any CPU
		{E7DE4C7A-DFDA-4313-A810-16F1E94FCA4D}.Release|Any CPU.Build.0 = Release|Any CPU
		{DF034543-CD0F-4B9A-8693-F356E0075EB1}.Debug|Any CPU.ActiveCfg = Debug|Any CPU
		{DF034543-CD0F-4B9A-8693-F356E0075EB1}.Debug|Any CPU.Build.0 = Debug|Any CPU
		{DF034543-CD0F-4B9A-8693-F356E0075EB1}.Release|Any CPU.ActiveCfg = Release|Any CPU
		{DF034543-CD0F-4B9A-8693-F356E0075EB1}.Release|Any CPU.Build.0 = Release|Any CPU
		{19CFAEC7-BC9E-465F-B537-EA268E2BA159}.Debug|Any CPU.ActiveCfg = Debug|Any CPU
		{19CFAEC7-BC9E-465F-B537-EA268E2BA159}.Debug|Any CPU.Build.0 = Debug|Any CPU
		{19CFAEC7-BC9E-465F-B537-EA268E2BA159}.Release|Any CPU.ActiveCfg = Release|Any CPU
		{19CFAEC7-BC9E-465F-B537-EA268E2BA159}.Release|Any CPU.Build.0 = Release|Any CPU
		{1B31C303-5C8C-45F8-84C2-C232F8E409B8}.Debug|Any CPU.ActiveCfg = Debug|Any CPU
		{1B31C303-5C8C-45F8-84C2-C232F8E409B8}.Debug|Any CPU.Build.0 = Debug|Any CPU
		{1B31C303-5C8C-45F8-84C2-C232F8E409B8}.Release|Any CPU.ActiveCfg = Release|Any CPU
		{1B31C303-5C8C-45F8-84C2-C232F8E409B8}.Release|Any CPU.Build.0 = Release|Any CPU
		{4CDCBD09-A8D0-4221-A98C-1DDE40B15EC3}.Debug|Any CPU.ActiveCfg = Debug|Any CPU
		{4CDCBD09-A8D0-4221-A98C-1DDE40B15EC3}.Debug|Any CPU.Build.0 = Debug|Any CPU
		{4CDCBD09-A8D0-4221-A98C-1DDE40B15EC3}.Release|Any CPU.ActiveCfg = Release|Any CPU
		{4CDCBD09-A8D0-4221-A98C-1DDE40B15EC3}.Release|Any CPU.Build.0 = Release|Any CPU
		{770421B4-FB77-46F1-BA99-1E9FF26D3097}.Debug|Any CPU.ActiveCfg = Debug|Any CPU
		{770421B4-FB77-46F1-BA99-1E9FF26D3097}.Debug|Any CPU.Build.0 = Debug|Any CPU
		{770421B4-FB77-46F1-BA99-1E9FF26D3097}.Release|Any CPU.ActiveCfg = Release|Any CPU
		{770421B4-FB77-46F1-BA99-1E9FF26D3097}.Release|Any CPU.Build.0 = Release|Any CPU
		{1244E6D3-8DAC-41E1-87D3-9AF27AD912F5}.Debug|Any CPU.ActiveCfg = Debug|Any CPU
		{1244E6D3-8DAC-41E1-87D3-9AF27AD912F5}.Debug|Any CPU.Build.0 = Debug|Any CPU
		{1244E6D3-8DAC-41E1-87D3-9AF27AD912F5}.Release|Any CPU.ActiveCfg = Release|Any CPU
		{1244E6D3-8DAC-41E1-87D3-9AF27AD912F5}.Release|Any CPU.Build.0 = Release|Any CPU
		{9BEC838B-57D8-4DA5-9EAB-A665C1170A57}.Debug|Any CPU.ActiveCfg = Debug|Any CPU
		{9BEC838B-57D8-4DA5-9EAB-A665C1170A57}.Debug|Any CPU.Build.0 = Debug|Any CPU
		{9BEC838B-57D8-4DA5-9EAB-A665C1170A57}.Release|Any CPU.ActiveCfg = Release|Any CPU
		{9BEC838B-57D8-4DA5-9EAB-A665C1170A57}.Release|Any CPU.Build.0 = Release|Any CPU
		{2E682CEC-DDE7-4CAD-8161-05BB9E40C894}.Debug|Any CPU.ActiveCfg = Debug|Any CPU
		{2E682CEC-DDE7-4CAD-8161-05BB9E40C894}.Debug|Any CPU.Build.0 = Debug|Any CPU
		{2E682CEC-DDE7-4CAD-8161-05BB9E40C894}.Release|Any CPU.ActiveCfg = Release|Any CPU
		{2E682CEC-DDE7-4CAD-8161-05BB9E40C894}.Release|Any CPU.Build.0 = Release|Any CPU
		{BC0302B5-080A-4EFF-B7B0-852AD28ED96B}.Debug|Any CPU.ActiveCfg = Debug|Any CPU
		{BC0302B5-080A-4EFF-B7B0-852AD28ED96B}.Debug|Any CPU.Build.0 = Debug|Any CPU
		{BC0302B5-080A-4EFF-B7B0-852AD28ED96B}.Release|Any CPU.ActiveCfg = Release|Any CPU
		{BC0302B5-080A-4EFF-B7B0-852AD28ED96B}.Release|Any CPU.Build.0 = Release|Any CPU
		{6D7DB629-A6C2-43CA-881F-8722A0531063}.Debug|Any CPU.ActiveCfg = Debug|Any CPU
		{6D7DB629-A6C2-43CA-881F-8722A0531063}.Debug|Any CPU.Build.0 = Debug|Any CPU
		{6D7DB629-A6C2-43CA-881F-8722A0531063}.Release|Any CPU.ActiveCfg = Release|Any CPU
		{6D7DB629-A6C2-43CA-881F-8722A0531063}.Release|Any CPU.Build.0 = Release|Any CPU
		{7EDE6304-55B9-4726-959D-8FDA44E4E715}.Debug|Any CPU.ActiveCfg = Debug|Any CPU
		{7EDE6304-55B9-4726-959D-8FDA44E4E715}.Debug|Any CPU.Build.0 = Debug|Any CPU
		{7EDE6304-55B9-4726-959D-8FDA44E4E715}.Release|Any CPU.ActiveCfg = Release|Any CPU
		{7EDE6304-55B9-4726-959D-8FDA44E4E715}.Release|Any CPU.Build.0 = Release|Any CPU
		{264002B9-BA3E-4B46-98F3-BCA13AC9A565}.Debug|Any CPU.ActiveCfg = Debug|Any CPU
		{264002B9-BA3E-4B46-98F3-BCA13AC9A565}.Debug|Any CPU.Build.0 = Debug|Any CPU
		{264002B9-BA3E-4B46-98F3-BCA13AC9A565}.Release|Any CPU.ActiveCfg = Release|Any CPU
		{264002B9-BA3E-4B46-98F3-BCA13AC9A565}.Release|Any CPU.Build.0 = Release|Any CPU
		{509852A0-1828-4163-A239-D64667DFAB39}.Debug|Any CPU.ActiveCfg = Debug|Any CPU
		{509852A0-1828-4163-A239-D64667DFAB39}.Debug|Any CPU.Build.0 = Debug|Any CPU
		{509852A0-1828-4163-A239-D64667DFAB39}.Release|Any CPU.ActiveCfg = Release|Any CPU
		{509852A0-1828-4163-A239-D64667DFAB39}.Release|Any CPU.Build.0 = Release|Any CPU
		{36283FE9-F0FB-4E92-B6EB-EF3386858481}.Debug|Any CPU.ActiveCfg = Debug|Any CPU
		{36283FE9-F0FB-4E92-B6EB-EF3386858481}.Debug|Any CPU.Build.0 = Debug|Any CPU
		{36283FE9-F0FB-4E92-B6EB-EF3386858481}.Release|Any CPU.ActiveCfg = Release|Any CPU
		{36283FE9-F0FB-4E92-B6EB-EF3386858481}.Release|Any CPU.Build.0 = Release|Any CPU
		{02692003-1046-4E5C-B77A-1F734DFA64AC}.Debug|Any CPU.ActiveCfg = Debug|Any CPU
		{02692003-1046-4E5C-B77A-1F734DFA64AC}.Debug|Any CPU.Build.0 = Debug|Any CPU
		{02692003-1046-4E5C-B77A-1F734DFA64AC}.Release|Any CPU.ActiveCfg = Release|Any CPU
		{02692003-1046-4E5C-B77A-1F734DFA64AC}.Release|Any CPU.Build.0 = Release|Any CPU
		{15A874A0-4F6B-4E28-98ED-151D53CDC6F1}.Debug|Any CPU.ActiveCfg = Debug|Any CPU
		{15A874A0-4F6B-4E28-98ED-151D53CDC6F1}.Debug|Any CPU.Build.0 = Debug|Any CPU
		{15A874A0-4F6B-4E28-98ED-151D53CDC6F1}.Release|Any CPU.ActiveCfg = Release|Any CPU
		{15A874A0-4F6B-4E28-98ED-151D53CDC6F1}.Release|Any CPU.Build.0 = Release|Any CPU
		{DA5596C1-F0C4-48A5-A3D6-E63B68CCAF83}.Debug|Any CPU.ActiveCfg = Debug|Any CPU
		{DA5596C1-F0C4-48A5-A3D6-E63B68CCAF83}.Debug|Any CPU.Build.0 = Debug|Any CPU
		{DA5596C1-F0C4-48A5-A3D6-E63B68CCAF83}.Release|Any CPU.ActiveCfg = Release|Any CPU
		{DA5596C1-F0C4-48A5-A3D6-E63B68CCAF83}.Release|Any CPU.Build.0 = Release|Any CPU
		{8AB10BE0-D658-4CBE-B31A-A97EC1E1C8EE}.Debug|Any CPU.ActiveCfg = Debug|Any CPU
		{8AB10BE0-D658-4CBE-B31A-A97EC1E1C8EE}.Debug|Any CPU.Build.0 = Debug|Any CPU
		{8AB10BE0-D658-4CBE-B31A-A97EC1E1C8EE}.Release|Any CPU.ActiveCfg = Release|Any CPU
		{8AB10BE0-D658-4CBE-B31A-A97EC1E1C8EE}.Release|Any CPU.Build.0 = Release|Any CPU
		{47338A45-87DD-465C-9624-C177151D6498}.Debug|Any CPU.ActiveCfg = Debug|Any CPU
		{47338A45-87DD-465C-9624-C177151D6498}.Debug|Any CPU.Build.0 = Debug|Any CPU
		{47338A45-87DD-465C-9624-C177151D6498}.Release|Any CPU.ActiveCfg = Release|Any CPU
		{47338A45-87DD-465C-9624-C177151D6498}.Release|Any CPU.Build.0 = Release|Any CPU
	EndGlobalSection
	GlobalSection(SolutionProperties) = preSolution
		HideSolutionNode = FALSE
	EndGlobalSection
	GlobalSection(NestedProjects) = preSolution
		{CCD1C8CA-5D9E-4944-8C24-E9B26C01C1C4} = {36D591C7-65C7-A0D1-1CBC-10CDE441BDC8}
		{1E0B24D1-3FED-4C1E-8511-03DC16683C8B} = {36D591C7-65C7-A0D1-1CBC-10CDE441BDC8}
		{F20DF219-D15A-4434-8C83-8CD23BB2500C} = {36D591C7-65C7-A0D1-1CBC-10CDE441BDC8}
		{2C97449C-B9C5-4D31-845A-E051D4BE5C16} = {875F8DC4-2409-4180-99A4-68420836D304}
		{E7DE4C7A-DFDA-4313-A810-16F1E94FCA4D} = {875F8DC4-2409-4180-99A4-68420836D304}
		{DF034543-CD0F-4B9A-8693-F356E0075EB1} = {875F8DC4-2409-4180-99A4-68420836D304}
		{19CFAEC7-BC9E-465F-B537-EA268E2BA159} = {FE3A5866-386A-4520-ABE1-0FE7583CC045}
		{1B31C303-5C8C-45F8-84C2-C232F8E409B8} = {FE3A5866-386A-4520-ABE1-0FE7583CC045}
		{4CDCBD09-A8D0-4221-A98C-1DDE40B15EC3} = {FE3A5866-386A-4520-ABE1-0FE7583CC045}
		{770421B4-FB77-46F1-BA99-1E9FF26D3097} = {266124C3-153C-45B1-9047-D5B40C94C35A}
		{1244E6D3-8DAC-41E1-87D3-9AF27AD912F5} = {266124C3-153C-45B1-9047-D5B40C94C35A}
		{9BEC838B-57D8-4DA5-9EAB-A665C1170A57} = {266124C3-153C-45B1-9047-D5B40C94C35A}
		{2E682CEC-DDE7-4CAD-8161-05BB9E40C894} = {2FE72383-625B-4814-9D8B-B7E23C827D11}
		{BC0302B5-080A-4EFF-B7B0-852AD28ED96B} = {2FE72383-625B-4814-9D8B-B7E23C827D11}
		{6D7DB629-A6C2-43CA-881F-8722A0531063} = {2FE72383-625B-4814-9D8B-B7E23C827D11}
		{7EDE6304-55B9-4726-959D-8FDA44E4E715} = {D4DA1AA9-CECB-4139-BBC6-3FC74F64483F}
		{264002B9-BA3E-4B46-98F3-BCA13AC9A565} = {D4DA1AA9-CECB-4139-BBC6-3FC74F64483F}
		{509852A0-1828-4163-A239-D64667DFAB39} = {D4DA1AA9-CECB-4139-BBC6-3FC74F64483F}
		{36283FE9-F0FB-4E92-B6EB-EF3386858481} = {B59C30D9-609A-4B3D-9218-FE6C4AA6398B}
		{02692003-1046-4E5C-B77A-1F734DFA64AC} = {B59C30D9-609A-4B3D-9218-FE6C4AA6398B}
		{15A874A0-4F6B-4E28-98ED-151D53CDC6F1} = {B59C30D9-609A-4B3D-9218-FE6C4AA6398B}
		{DA5596C1-F0C4-48A5-A3D6-E63B68CCAF83} = {C4EF6DF0-79C2-4F8B-861B-43D92CC2EEBD}
		{8AB10BE0-D658-4CBE-B31A-A97EC1E1C8EE} = {C4EF6DF0-79C2-4F8B-861B-43D92CC2EEBD}
		{47338A45-87DD-465C-9624-C177151D6498} = {C4EF6DF0-79C2-4F8B-861B-43D92CC2EEBD}
	EndGlobalSection
	GlobalSection(ExtensibilityGlobals) = postSolution
		SolutionGuid = {0B3BEAC6-48D3-4554-B224-A05F4E5E6085}
	EndGlobalSection
EndGlobal
